
Microsoft Visual Studio Solution File, Format Version 12.00
# Visual Studio Version 16
VisualStudioVersion = 16.0.34301.259
MinimumVisualStudioVersion = 10.0.40219.1
Project("{2150E333-8FDC-42A3-9474-1A3956D46DE8}") = "1.API", "1.API", "{39FD2406-0FFB-465A-9251-A624EAC90B17}"
EndProject
Project("{FAE04EC0-301F-11D3-BF4B-00C04F79EFBC}") = "GestaoSuperHeroi.API", "GestaoSuperHeroi.API\GestaoSuperHeroi.API.csproj", "{BDE76D7A-AC0D-4DB0-A64E-F7DFFB4910B8}"
EndProject
Project("{FAE04EC0-301F-11D3-BF4B-00C04F79EFBC}") = "API", "API\API.csproj", "{25AB4B78-8557-4ECC-A94E-F904DD8A95FF}"
EndProject
Project("{2150E333-8FDC-42A3-9474-1A3956D46DE8}") = "2.Domain", "2.Domain", "{1F8F9360-4800-44B0-9A0D-E913B1F6E980}"
EndProject
Project("{2150E333-8FDC-42A3-9474-1A3956D46DE8}") = "3.Infra", "3.Infra", "{E62F6B94-9672-429A-963D-7C3260BBF08C}"
EndProject
Project("{FAE04EC0-301F-11D3-BF4B-00C04F79EFBC}") = "Domain", "Domain\Domain.csproj", "{5AC30E94-F031-44D7-A6E9-7C56F0438789}"
EndProject
Project("{FAE04EC0-301F-11D3-BF4B-00C04F79EFBC}") = "Infra.Data", "Infra.Data\Infra.Data.csproj", "{EC351C13-12FB-483F-89EE-82CD4E46B5EC}"
EndProject
Project("{FAE04EC0-301F-11D3-BF4B-00C04F79EFBC}") = "Infra.Data.IoC", "Infra.Data.IoC\Infra.Data.IoC.csproj", "{ADC83631-E059-4B1B-BC5B-C6B84B0FB924}"
EndProject
Project("{2150E333-8FDC-42A3-9474-1A3956D46DE8}") = "4.Test", "4.Test", "{0BEB7CB5-25DA-400B-8C07-EBE4459DDC00}"
EndProject
Project("{FAE04EC0-301F-11D3-BF4B-00C04F79EFBC}") = "Test", "Test\Test.csproj", "{C668555E-7A06-4DDD-AA9D-23FF0CAF5EA7}"
EndProject
Global
	GlobalSection(SolutionConfigurationPlatforms) = preSolution
		Debug|Any CPU = Debug|Any CPU
		Release|Any CPU = Release|Any CPU
	EndGlobalSection
	GlobalSection(ProjectConfigurationPlatforms) = postSolution
		{BDE76D7A-AC0D-4DB0-A64E-F7DFFB4910B8}.Debug|Any CPU.ActiveCfg = Debug|Any CPU
		{BDE76D7A-AC0D-4DB0-A64E-F7DFFB4910B8}.Debug|Any CPU.Build.0 = Debug|Any CPU
		{BDE76D7A-AC0D-4DB0-A64E-F7DFFB4910B8}.Release|Any CPU.ActiveCfg = Release|Any CPU
		{BDE76D7A-AC0D-4DB0-A64E-F7DFFB4910B8}.Release|Any CPU.Build.0 = Release|Any CPU
		{25AB4B78-8557-4ECC-A94E-F904DD8A95FF}.Debug|Any CPU.ActiveCfg = Debug|Any CPU
		{25AB4B78-8557-4ECC-A94E-F904DD8A95FF}.Debug|Any CPU.Build.0 = Debug|Any CPU
		{25AB4B78-8557-4ECC-A94E-F904DD8A95FF}.Release|Any CPU.ActiveCfg = Release|Any CPU
		{25AB4B78-8557-4ECC-A94E-F904DD8A95FF}.Release|Any CPU.Build.0 = Release|Any CPU
		{5AC30E94-F031-44D7-A6E9-7C56F0438789}.Debug|Any CPU.ActiveCfg = Debug|Any CPU
		{5AC30E94-F031-44D7-A6E9-7C56F0438789}.Debug|Any CPU.Build.0 = Debug|Any CPU
		{5AC30E94-F031-44D7-A6E9-7C56F0438789}.Release|Any CPU.ActiveCfg = Release|Any CPU
		{5AC30E94-F031-44D7-A6E9-7C56F0438789}.Release|Any CPU.Build.0 = Release|Any CPU
		{EC351C13-12FB-483F-89EE-82CD4E46B5EC}.Debug|Any CPU.ActiveCfg = Debug|Any CPU
		{EC351C13-12FB-483F-89EE-82CD4E46B5EC}.Debug|Any CPU.Build.0 = Debug|Any CPU
		{EC351C13-12FB-483F-89EE-82CD4E46B5EC}.Release|Any CPU.ActiveCfg = Release|Any CPU
		{EC351C13-12FB-483F-89EE-82CD4E46B5EC}.Release|Any CPU.Build.0 = Release|Any CPU
		{ADC83631-E059-4B1B-BC5B-C6B84B0FB924}.Debug|Any CPU.ActiveCfg = Debug|Any CPU
		{ADC83631-E059-4B1B-BC5B-C6B84B0FB924}.Debug|Any CPU.Build.0 = Debug|Any CPU
		{ADC83631-E059-4B1B-BC5B-C6B84B0FB924}.Release|Any CPU.ActiveCfg = Release|Any CPU
		{ADC83631-E059-4B1B-BC5B-C6B84B0FB924}.Release|Any CPU.Build.0 = Release|Any CPU
		{C668555E-7A06-4DDD-AA9D-23FF0CAF5EA7}.Debug|Any CPU.ActiveCfg = Debug|Any CPU
		{C668555E-7A06-4DDD-AA9D-23FF0CAF5EA7}.Debug|Any CPU.Build.0 = Debug|Any CPU
		{C668555E-7A06-4DDD-AA9D-23FF0CAF5EA7}.Release|Any CPU.ActiveCfg = Release|Any CPU
		{C668555E-7A06-4DDD-AA9D-23FF0CAF5EA7}.Release|Any CPU.Build.0 = Release|Any CPU
	EndGlobalSection
	GlobalSection(SolutionProperties) = preSolution
		HideSolutionNode = FALSE
	EndGlobalSection
	GlobalSection(NestedProjects) = preSolution
		{BDE76D7A-AC0D-4DB0-A64E-F7DFFB4910B8} = {39FD2406-0FFB-465A-9251-A624EAC90B17}
		{25AB4B78-8557-4ECC-A94E-F904DD8A95FF} = {39FD2406-0FFB-465A-9251-A624EAC90B17}
		{5AC30E94-F031-44D7-A6E9-7C56F0438789} = {1F8F9360-4800-44B0-9A0D-E913B1F6E980}
		{EC351C13-12FB-483F-89EE-82CD4E46B5EC} = {E62F6B94-9672-429A-963D-7C3260BBF08C}
		{ADC83631-E059-4B1B-BC5B-C6B84B0FB924} = {E62F6B94-9672-429A-963D-7C3260BBF08C}
		{C668555E-7A06-4DDD-AA9D-23FF0CAF5EA7} = {0BEB7CB5-25DA-400B-8C07-EBE4459DDC00}
	EndGlobalSection
	GlobalSection(ExtensibilityGlobals) = postSolution
		SolutionGuid = {3B3C6841-055E-4C3B-88FB-FA6C81E9F577}
	EndGlobalSection
EndGlobal
